// !$*UTF8*$!
{
	archiveVersion = 1;
	classes = {
	};
	objectVersion = 46;
	objects = {

/* Begin PBXBuildFile section */
		6A939F7E74347450DA6F7A78 /* Pods_TimeTrack.framework in Frameworks */ = {isa = PBXBuildFile; fileRef = F5D5DC40930E04B3B8DCC3E8 /* Pods_TimeTrack.framework */; };
		FF115B2E1F2CF323008A1EB5 /* ForgotPasswordViewController.swift in Sources */ = {isa = PBXBuildFile; fileRef = FF115B2A1F2CF323008A1EB5 /* ForgotPasswordViewController.swift */; };
		FF115B2F1F2CF323008A1EB5 /* MainViewController.swift in Sources */ = {isa = PBXBuildFile; fileRef = FF115B2B1F2CF323008A1EB5 /* MainViewController.swift */; };
		FF115B301F2CF323008A1EB5 /* LoginViewController.swift in Sources */ = {isa = PBXBuildFile; fileRef = FF115B2C1F2CF323008A1EB5 /* LoginViewController.swift */; };
		FF115B311F2CF323008A1EB5 /* CreateUserViewController.swift in Sources */ = {isa = PBXBuildFile; fileRef = FF115B2D1F2CF323008A1EB5 /* CreateUserViewController.swift */; };
		FF115B331F2CF374008A1EB5 /* Login.storyboard in Resources */ = {isa = PBXBuildFile; fileRef = FF115B321F2CF374008A1EB5 /* Login.storyboard */; };
		FF115B361F2CF3C8008A1EB5 /* AuthService.swift in Sources */ = {isa = PBXBuildFile; fileRef = FF115B341F2CF3C8008A1EB5 /* AuthService.swift */; };
		FF115B371F2CF3C8008A1EB5 /* UserService.swift in Sources */ = {isa = PBXBuildFile; fileRef = FF115B351F2CF3C8008A1EB5 /* UserService.swift */; };
		FF115B3A1F2CF3F9008A1EB5 /* Storyboard+Utility.swift in Sources */ = {isa = PBXBuildFile; fileRef = FF115B381F2CF3F9008A1EB5 /* Storyboard+Utility.swift */; };
		FF115B3B1F2CF3F9008A1EB5 /* ViewController+Utility.swift in Sources */ = {isa = PBXBuildFile; fileRef = FF115B391F2CF3F9008A1EB5 /* ViewController+Utility.swift */; };
		FF115B3D1F2F66D7008A1EB5 /* MapKit.framework in Frameworks */ = {isa = PBXBuildFile; fileRef = FF115B3C1F2F66D7008A1EB5 /* MapKit.framework */; };
		FF37C6071F2525CA0018940B /* AppDelegate.swift in Sources */ = {isa = PBXBuildFile; fileRef = FF37C6061F2525C90018940B /* AppDelegate.swift */; };
		FF37C60E1F2525CA0018940B /* Assets.xcassets in Resources */ = {isa = PBXBuildFile; fileRef = FF37C60D1F2525CA0018940B /* Assets.xcassets */; };
		FFAFCCCC1F262F5E009D2692 /* ViewController.swift in Sources */ = {isa = PBXBuildFile; fileRef = FFAFCCCB1F262F5E009D2692 /* ViewController.swift */; };
		FFAFCCCF1F262F67009D2692 /* GoogleService-Info.plist in Resources */ = {isa = PBXBuildFile; fileRef = FFAFCCCD1F262F67009D2692 /* GoogleService-Info.plist */; };
		FFAFCCDE1F26332D009D2692 /* Main.storyboard in Resources */ = {isa = PBXBuildFile; fileRef = FFAFCCDD1F26332D009D2692 /* Main.storyboard */; };
		FFAFCCE41F2634CE009D2692 /* LaunchScreen.storyboard in Resources */ = {isa = PBXBuildFile; fileRef = FFAFCCE31F2634CE009D2692 /* LaunchScreen.storyboard */; };
		FFAFCCF41F267164009D2692 /* User.swift in Sources */ = {isa = PBXBuildFile; fileRef = FFAFCCF31F267164009D2692 /* User.swift */; };
		FFAFCD001F267B79009D2692 /* Constants.swift in Sources */ = {isa = PBXBuildFile; fileRef = FFAFCCFF1F267B79009D2692 /* Constants.swift */; };
		FFAFCD0B1F2688A5009D2692 /* Profile.storyboard in Resources */ = {isa = PBXBuildFile; fileRef = FFAFCD0A1F2688A5009D2692 /* Profile.storyboard */; };
		FFAFCD191F278DDC009D2692 /* ProfileViewController.swift in Sources */ = {isa = PBXBuildFile; fileRef = FFAFCD181F278DDC009D2692 /* ProfileViewController.swift */; };
		FFAFCD1B1F279B99009D2692 /* AddGroups.storyboard in Resources */ = {isa = PBXBuildFile; fileRef = FFAFCD1A1F279B99009D2692 /* AddGroups.storyboard */; };
		FFAFCD1D1F279CBC009D2692 /* AddGroupsViewController.swift in Sources */ = {isa = PBXBuildFile; fileRef = FFAFCD1C1F279CBC009D2692 /* AddGroupsViewController.swift */; };
		FFAFCD201F27BA0F009D2692 /* CreateViewControllers.swift in Sources */ = {isa = PBXBuildFile; fileRef = FFAFCD1F1F27BA0F009D2692 /* CreateViewControllers.swift */; };
		FFB7998C1F28F1EA001B7C61 /* GroupsTable.storyboard in Resources */ = {isa = PBXBuildFile; fileRef = FFB7998B1F28F1EA001B7C61 /* GroupsTable.storyboard */; };
		FFB799931F2904A8001B7C61 /* TableViewController.swift in Sources */ = {isa = PBXBuildFile; fileRef = FFB799921F2904A8001B7C61 /* TableViewController.swift */; };
		FFB799961F29056E001B7C61 /* TableViewCell.swift in Sources */ = {isa = PBXBuildFile; fileRef = FFB799941F29056E001B7C61 /* TableViewCell.swift */; };
		FFB799971F29056E001B7C61 /* TableViewCell.xib in Resources */ = {isa = PBXBuildFile; fileRef = FFB799951F29056E001B7C61 /* TableViewCell.xib */; };
		FFB799A11F29A7C7001B7C61 /* Search.storyboard in Resources */ = {isa = PBXBuildFile; fileRef = FFB799A01F29A7C7001B7C61 /* Search.storyboard */; };
		FFD5BD411F2B868E00C3BEE7 /* TimeViewController.swift in Sources */ = {isa = PBXBuildFile; fileRef = FFD5BD401F2B868E00C3BEE7 /* TimeViewController.swift */; };
		FFD5BD431F2B96C600C3BEE7 /* DetailsViewController.swift in Sources */ = {isa = PBXBuildFile; fileRef = FFD5BD421F2B96C600C3BEE7 /* DetailsViewController.swift */; };
		FFD5BD451F2BB41700C3BEE7 /* PersonalGroupViewController.swift in Sources */ = {isa = PBXBuildFile; fileRef = FFD5BD441F2BB41700C3BEE7 /* PersonalGroupViewController.swift */; };
		FFDABC811F2A5AE200C64D39 /* SearchViewController.swift in Sources */ = {isa = PBXBuildFile; fileRef = FFDABC801F2A5AE200C64D39 /* SearchViewController.swift */; };
		FFDABC831F2A5B6600C64D39 /* SearchViewViewController.swift in Sources */ = {isa = PBXBuildFile; fileRef = FFDABC821F2A5B6600C64D39 /* SearchViewViewController.swift */; };
		FFDABC861F2A7C9B00C64D39 /* SearchTableViewController.swift in Sources */ = {isa = PBXBuildFile; fileRef = FFDABC851F2A7C9B00C64D39 /* SearchTableViewController.swift */; };
		FFDABC891F2A84DF00C64D39 /* Calender.storyboard in Resources */ = {isa = PBXBuildFile; fileRef = FFDABC881F2A84DF00C64D39 /* Calender.storyboard */; };
		FFDABC8C1F2B47B700C64D39 /* GroupLocationViewController.swift in Sources */ = {isa = PBXBuildFile; fileRef = FFDABC8B1F2B47B700C64D39 /* GroupLocationViewController.swift */; };
/* End PBXBuildFile section */

/* Begin PBXFileReference section */
		6801CD89ACDD442B4F6F39C8 /* Pods-TimeTrack.debug.xcconfig */ = {isa = PBXFileReference; includeInIndex = 1; lastKnownFileType = text.xcconfig; name = "Pods-TimeTrack.debug.xcconfig"; path = "Pods/Target Support Files/Pods-TimeTrack/Pods-TimeTrack.debug.xcconfig"; sourceTree = "<group>"; };
		D98F24E38427006E6B42796C /* Pods-TimeTrack.release.xcconfig */ = {isa = PBXFileReference; includeInIndex = 1; lastKnownFileType = text.xcconfig; name = "Pods-TimeTrack.release.xcconfig"; path = "Pods/Target Support Files/Pods-TimeTrack/Pods-TimeTrack.release.xcconfig"; sourceTree = "<group>"; };
		F5D5DC40930E04B3B8DCC3E8 /* Pods_TimeTrack.framework */ = {isa = PBXFileReference; explicitFileType = wrapper.framework; includeInIndex = 0; path = Pods_TimeTrack.framework; sourceTree = BUILT_PRODUCTS_DIR; };
		FF115B2A1F2CF323008A1EB5 /* ForgotPasswordViewController.swift */ = {isa = PBXFileReference; fileEncoding = 4; lastKnownFileType = sourcecode.swift; path = ForgotPasswordViewController.swift; sourceTree = "<group>"; };
		FF115B2B1F2CF323008A1EB5 /* MainViewController.swift */ = {isa = PBXFileReference; fileEncoding = 4; lastKnownFileType = sourcecode.swift; path = MainViewController.swift; sourceTree = "<group>"; };
		FF115B2C1F2CF323008A1EB5 /* LoginViewController.swift */ = {isa = PBXFileReference; fileEncoding = 4; lastKnownFileType = sourcecode.swift; path = LoginViewController.swift; sourceTree = "<group>"; };
		FF115B2D1F2CF323008A1EB5 /* CreateUserViewController.swift */ = {isa = PBXFileReference; fileEncoding = 4; lastKnownFileType = sourcecode.swift; path = CreateUserViewController.swift; sourceTree = "<group>"; };
		FF115B321F2CF374008A1EB5 /* Login.storyboard */ = {isa = PBXFileReference; fileEncoding = 4; lastKnownFileType = file.storyboard; path = Login.storyboard; sourceTree = "<group>"; };
		FF115B341F2CF3C8008A1EB5 /* AuthService.swift */ = {isa = PBXFileReference; fileEncoding = 4; lastKnownFileType = sourcecode.swift; path = AuthService.swift; sourceTree = "<group>"; };
		FF115B351F2CF3C8008A1EB5 /* UserService.swift */ = {isa = PBXFileReference; fileEncoding = 4; lastKnownFileType = sourcecode.swift; path = UserService.swift; sourceTree = "<group>"; };
		FF115B381F2CF3F9008A1EB5 /* Storyboard+Utility.swift */ = {isa = PBXFileReference; fileEncoding = 4; lastKnownFileType = sourcecode.swift; path = "Storyboard+Utility.swift"; sourceTree = "<group>"; };
		FF115B391F2CF3F9008A1EB5 /* ViewController+Utility.swift */ = {isa = PBXFileReference; fileEncoding = 4; lastKnownFileType = sourcecode.swift; path = "ViewController+Utility.swift"; sourceTree = "<group>"; };
		FF115B3C1F2F66D7008A1EB5 /* MapKit.framework */ = {isa = PBXFileReference; lastKnownFileType = wrapper.framework; name = MapKit.framework; path = System/Library/Frameworks/MapKit.framework; sourceTree = SDKROOT; };
		FF37C6031F2525C90018940B /* TimeTrack.app */ = {isa = PBXFileReference; explicitFileType = wrapper.application; includeInIndex = 0; path = TimeTrack.app; sourceTree = BUILT_PRODUCTS_DIR; };
		FF37C6061F2525C90018940B /* AppDelegate.swift */ = {isa = PBXFileReference; lastKnownFileType = sourcecode.swift; path = AppDelegate.swift; sourceTree = "<group>"; };
		FF37C60D1F2525CA0018940B /* Assets.xcassets */ = {isa = PBXFileReference; lastKnownFileType = folder.assetcatalog; path = Assets.xcassets; sourceTree = "<group>"; };
		FFAFCCCB1F262F5E009D2692 /* ViewController.swift */ = {isa = PBXFileReference; fileEncoding = 4; lastKnownFileType = sourcecode.swift; name = ViewController.swift; path = Controllers/ViewController.swift; sourceTree = "<group>"; };
		FFAFCCCD1F262F67009D2692 /* GoogleService-Info.plist */ = {isa = PBXFileReference; fileEncoding = 4; lastKnownFileType = text.plist.xml; name = "GoogleService-Info.plist"; path = "Supporting/GoogleService-Info.plist"; sourceTree = "<group>"; };
		FFAFCCCE1F262F67009D2692 /* Info.plist */ = {isa = PBXFileReference; fileEncoding = 4; lastKnownFileType = text.plist.xml; name = Info.plist; path = Supporting/Info.plist; sourceTree = "<group>"; };
		FFAFCCDD1F26332D009D2692 /* Main.storyboard */ = {isa = PBXFileReference; fileEncoding = 4; lastKnownFileType = file.storyboard; path = Main.storyboard; sourceTree = "<group>"; };
		FFAFCCE31F2634CE009D2692 /* LaunchScreen.storyboard */ = {isa = PBXFileReference; fileEncoding = 4; lastKnownFileType = file.storyboard; name = LaunchScreen.storyboard; path = Storyboards/LaunchScreen.storyboard; sourceTree = "<group>"; };
		FFAFCCF31F267164009D2692 /* User.swift */ = {isa = PBXFileReference; fileEncoding = 4; lastKnownFileType = sourcecode.swift; path = User.swift; sourceTree = "<group>"; };
		FFAFCCF61F267A96009D2692 /* GoogleService-Info.plist */ = {isa = PBXFileReference; fileEncoding = 4; lastKnownFileType = text.plist.xml; path = "GoogleService-Info.plist"; sourceTree = "<group>"; };
		FFAFCCF71F267A96009D2692 /* Info.plist */ = {isa = PBXFileReference; fileEncoding = 4; lastKnownFileType = text.plist.xml; path = Info.plist; sourceTree = "<group>"; };
		FFAFCCFF1F267B79009D2692 /* Constants.swift */ = {isa = PBXFileReference; fileEncoding = 4; lastKnownFileType = sourcecode.swift; path = Constants.swift; sourceTree = "<group>"; };
		FFAFCD0A1F2688A5009D2692 /* Profile.storyboard */ = {isa = PBXFileReference; fileEncoding = 4; lastKnownFileType = file.storyboard; path = Profile.storyboard; sourceTree = "<group>"; };
		FFAFCD181F278DDC009D2692 /* ProfileViewController.swift */ = {isa = PBXFileReference; fileEncoding = 4; lastKnownFileType = sourcecode.swift; path = ProfileViewController.swift; sourceTree = "<group>"; };
		FFAFCD1A1F279B99009D2692 /* AddGroups.storyboard */ = {isa = PBXFileReference; fileEncoding = 4; lastKnownFileType = file.storyboard; path = AddGroups.storyboard; sourceTree = "<group>"; };
		FFAFCD1C1F279CBC009D2692 /* AddGroupsViewController.swift */ = {isa = PBXFileReference; fileEncoding = 4; lastKnownFileType = sourcecode.swift; path = AddGroupsViewController.swift; sourceTree = "<group>"; };
		FFAFCD1F1F27BA0F009D2692 /* CreateViewControllers.swift */ = {isa = PBXFileReference; fileEncoding = 4; lastKnownFileType = sourcecode.swift; path = CreateViewControllers.swift; sourceTree = "<group>"; };
		FFB7998B1F28F1EA001B7C61 /* GroupsTable.storyboard */ = {isa = PBXFileReference; fileEncoding = 4; lastKnownFileType = file.storyboard; path = GroupsTable.storyboard; sourceTree = "<group>"; };
		FFB799921F2904A8001B7C61 /* TableViewController.swift */ = {isa = PBXFileReference; fileEncoding = 4; lastKnownFileType = sourcecode.swift; path = TableViewController.swift; sourceTree = "<group>"; };
		FFB799941F29056E001B7C61 /* TableViewCell.swift */ = {isa = PBXFileReference; fileEncoding = 4; lastKnownFileType = sourcecode.swift; path = TableViewCell.swift; sourceTree = "<group>"; };
		FFB799951F29056E001B7C61 /* TableViewCell.xib */ = {isa = PBXFileReference; fileEncoding = 4; lastKnownFileType = file.xib; name = TableViewCell.xib; path = ../TableViewCell.xib; sourceTree = "<group>"; };
		FFB799A01F29A7C7001B7C61 /* Search.storyboard */ = {isa = PBXFileReference; fileEncoding = 4; lastKnownFileType = file.storyboard; path = Search.storyboard; sourceTree = "<group>"; };
		FFD5BD401F2B868E00C3BEE7 /* TimeViewController.swift */ = {isa = PBXFileReference; fileEncoding = 4; lastKnownFileType = sourcecode.swift; path = TimeViewController.swift; sourceTree = "<group>"; };
		FFD5BD421F2B96C600C3BEE7 /* DetailsViewController.swift */ = {isa = PBXFileReference; fileEncoding = 4; lastKnownFileType = sourcecode.swift; path = DetailsViewController.swift; sourceTree = "<group>"; };
		FFD5BD441F2BB41700C3BEE7 /* PersonalGroupViewController.swift */ = {isa = PBXFileReference; fileEncoding = 4; lastKnownFileType = sourcecode.swift; path = PersonalGroupViewController.swift; sourceTree = "<group>"; };
		FFDABC801F2A5AE200C64D39 /* SearchViewController.swift */ = {isa = PBXFileReference; fileEncoding = 4; lastKnownFileType = sourcecode.swift; path = SearchViewController.swift; sourceTree = "<group>"; };
		FFDABC821F2A5B6600C64D39 /* SearchViewViewController.swift */ = {isa = PBXFileReference; fileEncoding = 4; lastKnownFileType = sourcecode.swift; path = SearchViewViewController.swift; sourceTree = "<group>"; };
		FFDABC851F2A7C9B00C64D39 /* SearchTableViewController.swift */ = {isa = PBXFileReference; fileEncoding = 4; lastKnownFileType = sourcecode.swift; name = SearchTableViewController.swift; path = Assets.xcassets/SearchTableViewController.swift; sourceTree = "<group>"; };
		FFDABC881F2A84DF00C64D39 /* Calender.storyboard */ = {isa = PBXFileReference; fileEncoding = 4; lastKnownFileType = file.storyboard; path = Calender.storyboard; sourceTree = "<group>"; };
		FFDABC8B1F2B47B700C64D39 /* GroupLocationViewController.swift */ = {isa = PBXFileReference; fileEncoding = 4; lastKnownFileType = sourcecode.swift; path = GroupLocationViewController.swift; sourceTree = "<group>"; };
/* End PBXFileReference section */

/* Begin PBXFrameworksBuildPhase section */
		FF37C6001F2525C90018940B /* Frameworks */ = {
			isa = PBXFrameworksBuildPhase;
			buildActionMask = 2147483647;
			files = (
				FF115B3D1F2F66D7008A1EB5 /* MapKit.framework in Frameworks */,
				6A939F7E74347450DA6F7A78 /* Pods_TimeTrack.framework in Frameworks */,
			);
			runOnlyForDeploymentPostprocessing = 0;
		};
/* End PBXFrameworksBuildPhase section */

/* Begin PBXGroup section */
		3778478B13B8BA38E1BC3FDE /* Frameworks */ = {
			isa = PBXGroup;
			children = (
				FF115B3C1F2F66D7008A1EB5 /* MapKit.framework */,
				F5D5DC40930E04B3B8DCC3E8 /* Pods_TimeTrack.framework */,
			);
			name = Frameworks;
			sourceTree = "<group>";
		};
		CF02B642D820083B7BEB0CDA /* Pods */ = {
			isa = PBXGroup;
			children = (
				6801CD89ACDD442B4F6F39C8 /* Pods-TimeTrack.debug.xcconfig */,
				D98F24E38427006E6B42796C /* Pods-TimeTrack.release.xcconfig */,
			);
			name = Pods;
			sourceTree = "<group>";
		};
		FF37C5FA1F2525C90018940B = {
			isa = PBXGroup;
			children = (
				FF37C6051F2525C90018940B /* TimeTrack */,
				FF37C6041F2525C90018940B /* Products */,
				CF02B642D820083B7BEB0CDA /* Pods */,
				3778478B13B8BA38E1BC3FDE /* Frameworks */,
			);
			sourceTree = "<group>";
		};
		FF37C6041F2525C90018940B /* Products */ = {
			isa = PBXGroup;
			children = (
				FF37C6031F2525C90018940B /* TimeTrack.app */,
			);
			name = Products;
			sourceTree = "<group>";
		};
		FF37C6051F2525C90018940B /* TimeTrack */ = {
			isa = PBXGroup;
			children = (
				FF37C6061F2525C90018940B /* AppDelegate.swift */,
				FF37C60D1F2525CA0018940B /* Assets.xcassets */,
				FFAFCCD51F263040009D2692 /* Supporting Files */,
				FFAFCCD81F2632BB009D2692 /* Storyboards */,
				FFAFCCF01F267069009D2692 /* Services */,
				FFAFCCD61F263057009D2692 /* View Controllers */,
				FFAFCCF51F267A96009D2692 /* Supporting */,
				FFAFCCEB1F26648C009D2692 /* Models */,
				FFAFCD051F267CA9009D2692 /* Extensions */,
			);
			path = TimeTrack;
			sourceTree = "<group>";
		};
		FFAFCCD51F263040009D2692 /* Supporting Files */ = {
			isa = PBXGroup;
			children = (
				FFAFCCE31F2634CE009D2692 /* LaunchScreen.storyboard */,
				FFAFCCCD1F262F67009D2692 /* GoogleService-Info.plist */,
				FFAFCCCE1F262F67009D2692 /* Info.plist */,
			);
			name = "Supporting Files";
			sourceTree = "<group>";
		};
		FFAFCCD61F263057009D2692 /* View Controllers */ = {
			isa = PBXGroup;
			children = (
				FFAFCCCB1F262F5E009D2692 /* ViewController.swift */,
				FFAFCD111F268C73009D2692 /* Login/Signup */,
				FFDABC871F2A7EA300C64D39 /* Home */,
				FFAFCD1E1F279CBF009D2692 /* Groups */,
				FFB799911F290482001B7C61 /* Table */,
				FFAFCD101F268C4C009D2692 /* Profile */,
			);
			name = "View Controllers";
			sourceTree = "<group>";
		};
		FFAFCCD81F2632BB009D2692 /* Storyboards */ = {
			isa = PBXGroup;
			children = (
				FF115B321F2CF374008A1EB5 /* Login.storyboard */,
				FFAFCCDD1F26332D009D2692 /* Main.storyboard */,
				FFDABC8A1F2A84E300C64D39 /* Calender */,
				FFB799A21F29B103001B7C61 /* Search */,
				FFDABC841F2A613A00C64D39 /* Group */,
				FFB7999F1F292153001B7C61 /* Table */,
				FFB799A31F29B19C001B7C61 /* Profile */,
			);
			path = Storyboards;
			sourceTree = "<group>";
		};
		FFAFCCEB1F26648C009D2692 /* Models */ = {
			isa = PBXGroup;
			children = (
				FFAFCCF31F267164009D2692 /* User.swift */,
			);
			name = Models;
			sourceTree = "<group>";
		};
		FFAFCCF01F267069009D2692 /* Services */ = {
			isa = PBXGroup;
			children = (
				FF115B341F2CF3C8008A1EB5 /* AuthService.swift */,
				FF115B351F2CF3C8008A1EB5 /* UserService.swift */,
			);
			name = Services;
			sourceTree = "<group>";
		};
		FFAFCCF51F267A96009D2692 /* Supporting */ = {
			isa = PBXGroup;
			children = (
				FFAFCCF61F267A96009D2692 /* GoogleService-Info.plist */,
				FFAFCCFF1F267B79009D2692 /* Constants.swift */,
				FFAFCCF71F267A96009D2692 /* Info.plist */,
			);
			path = Supporting;
			sourceTree = "<group>";
		};
		FFAFCD051F267CA9009D2692 /* Extensions */ = {
			isa = PBXGroup;
			children = (
				FF115B381F2CF3F9008A1EB5 /* Storyboard+Utility.swift */,
				FF115B391F2CF3F9008A1EB5 /* ViewController+Utility.swift */,
			);
			name = Extensions;
			sourceTree = "<group>";
		};
		FFAFCD101F268C4C009D2692 /* Profile */ = {
			isa = PBXGroup;
			children = (
				FF115B2B1F2CF323008A1EB5 /* MainViewController.swift */,
				FFAFCD181F278DDC009D2692 /* ProfileViewController.swift */,
			);
			name = Profile;
			sourceTree = "<group>";
		};
		FFAFCD111F268C73009D2692 /* Login/Signup */ = {
			isa = PBXGroup;
			children = (
				FF115B2A1F2CF323008A1EB5 /* ForgotPasswordViewController.swift */,
				FF115B2C1F2CF323008A1EB5 /* LoginViewController.swift */,
				FF115B2D1F2CF323008A1EB5 /* CreateUserViewController.swift */,
			);
			name = Login/Signup;
			sourceTree = "<group>";
		};
		FFAFCD1E1F279CBF009D2692 /* Groups */ = {
			isa = PBXGroup;
			children = (
				FFAFCD1C1F279CBC009D2692 /* AddGroupsViewController.swift */,
				FFAFCD1F1F27BA0F009D2692 /* CreateViewControllers.swift */,
				FFD5BD421F2B96C600C3BEE7 /* DetailsViewController.swift */,
				FFD5BD441F2BB41700C3BEE7 /* PersonalGroupViewController.swift */,
				FFD5BD401F2B868E00C3BEE7 /* TimeViewController.swift */,
				FFDABC8B1F2B47B700C64D39 /* GroupLocationViewController.swift */,
			);
			name = Groups;
			sourceTree = "<group>";
		};
		FFB799911F290482001B7C61 /* Table */ = {
			isa = PBXGroup;
			children = (
				FFDABC801F2A5AE200C64D39 /* SearchViewController.swift */,
				FFDABC851F2A7C9B00C64D39 /* SearchTableViewController.swift */,
				FFDABC821F2A5B6600C64D39 /* SearchViewViewController.swift */,
			);
			name = Table;
			sourceTree = "<group>";
		};
		FFB7999F1F292153001B7C61 /* Table */ = {
			isa = PBXGroup;
			children = (
				FFB7998B1F28F1EA001B7C61 /* GroupsTable.storyboard */,
				FFB799951F29056E001B7C61 /* TableViewCell.xib */,
			);
			name = Table;
			sourceTree = "<group>";
		};
		FFB799A21F29B103001B7C61 /* Search */ = {
			isa = PBXGroup;
			children = (
				FFB799A01F29A7C7001B7C61 /* Search.storyboard */,
			);
			name = Search;
			sourceTree = "<group>";
		};
		FFB799A31F29B19C001B7C61 /* Profile */ = {
			isa = PBXGroup;
			children = (
				FFAFCD0A1F2688A5009D2692 /* Profile.storyboard */,
			);
			name = Profile;
			sourceTree = "<group>";
		};
		FFDABC841F2A613A00C64D39 /* Group */ = {
			isa = PBXGroup;
			children = (
				FFAFCD1A1F279B99009D2692 /* AddGroups.storyboard */,
			);
			name = Group;
			sourceTree = "<group>";
		};
		FFDABC871F2A7EA300C64D39 /* Home */ = {
			isa = PBXGroup;
			children = (
				FFB799921F2904A8001B7C61 /* TableViewController.swift */,
				FFB799941F29056E001B7C61 /* TableViewCell.swift */,
			);
			name = Home;
			sourceTree = "<group>";
		};
		FFDABC8A1F2A84E300C64D39 /* Calender */ = {
			isa = PBXGroup;
			children = (
				FFDABC881F2A84DF00C64D39 /* Calender.storyboard */,
			);
			name = Calender;
			sourceTree = "<group>";
		};
/* End PBXGroup section */

/* Begin PBXNativeTarget section */
		FF37C6021F2525C90018940B /* TimeTrack */ = {
			isa = PBXNativeTarget;
			buildConfigurationList = FF37C6151F2525CA0018940B /* Build configuration list for PBXNativeTarget "TimeTrack" */;
			buildPhases = (
				110F9907748C7DCDC5946BA6 /* [CP] Check Pods Manifest.lock */,
				FF37C5FF1F2525C90018940B /* Sources */,
				FF37C6001F2525C90018940B /* Frameworks */,
				FF37C6011F2525C90018940B /* Resources */,
				4A6194ECEB5458D64B4C04C5 /* [CP] Embed Pods Frameworks */,
				2D494C5C00B555F96BAD430A /* [CP] Copy Pods Resources */,
			);
			buildRules = (
			);
			dependencies = (
			);
			name = TimeTrack;
			productName = TimeTrack;
			productReference = FF37C6031F2525C90018940B /* TimeTrack.app */;
			productType = "com.apple.product-type.application";
		};
/* End PBXNativeTarget section */

/* Begin PBXProject section */
		FF37C5FB1F2525C90018940B /* Project object */ = {
			isa = PBXProject;
			attributes = {
				LastSwiftUpdateCheck = 0830;
				LastUpgradeCheck = 0830;
				ORGANIZATIONNAME = JoeSuzuki;
				TargetAttributes = {
					FF37C6021F2525C90018940B = {
						CreatedOnToolsVersion = 8.3.2;
						DevelopmentTeam = URE62YMM2S;
						ProvisioningStyle = Automatic;
						SystemCapabilities = {
							com.apple.BackgroundModes = {
								enabled = 0;
							};
							com.apple.Maps.iOS = {
								enabled = 1;
							};
						};
					};
				};
			};
			buildConfigurationList = FF37C5FE1F2525C90018940B /* Build configuration list for PBXProject "TimeTrack" */;
			compatibilityVersion = "Xcode 3.2";
			developmentRegion = English;
			hasScannedForEncodings = 0;
			knownRegions = (
				en,
				Base,
			);
			mainGroup = FF37C5FA1F2525C90018940B;
			productRefGroup = FF37C6041F2525C90018940B /* Products */;
			projectDirPath = "";
			projectRoot = "";
			targets = (
				FF37C6021F2525C90018940B /* TimeTrack */,
			);
		};
/* End PBXProject section */

/* Begin PBXResourcesBuildPhase section */
		FF37C6011F2525C90018940B /* Resources */ = {
			isa = PBXResourcesBuildPhase;
			buildActionMask = 2147483647;
			files = (
				FF37C60E1F2525CA0018940B /* Assets.xcassets in Resources */,
				FFB799971F29056E001B7C61 /* TableViewCell.xib in Resources */,
				FFAFCCCF1F262F67009D2692 /* GoogleService-Info.plist in Resources */,
				FFAFCD0B1F2688A5009D2692 /* Profile.storyboard in Resources */,
				FFB799A11F29A7C7001B7C61 /* Search.storyboard in Resources */,
				FFAFCD1B1F279B99009D2692 /* AddGroups.storyboard in Resources */,
				FFAFCCE41F2634CE009D2692 /* LaunchScreen.storyboard in Resources */,
				FFB7998C1F28F1EA001B7C61 /* GroupsTable.storyboard in Resources */,
				FFDABC891F2A84DF00C64D39 /* Calender.storyboard in Resources */,
				FFAFCCDE1F26332D009D2692 /* Main.storyboard in Resources */,
				FF115B331F2CF374008A1EB5 /* Login.storyboard in Resources */,
			);
			runOnlyForDeploymentPostprocessing = 0;
		};
/* End PBXResourcesBuildPhase section */

/* Begin PBXShellScriptBuildPhase section */
		110F9907748C7DCDC5946BA6 /* [CP] Check Pods Manifest.lock */ = {
			isa = PBXShellScriptBuildPhase;
			buildActionMask = 2147483647;
			files = (
			);
			inputPaths = (
			);
			name = "[CP] Check Pods Manifest.lock";
			outputPaths = (
			);
			runOnlyForDeploymentPostprocessing = 0;
			shellPath = /bin/sh;
			shellScript = "diff \"${PODS_PODFILE_DIR_PATH}/Podfile.lock\" \"${PODS_ROOT}/Manifest.lock\" > /dev/null\nif [ $? != 0 ] ; then\n    # print error to STDERR\n    echo \"error: The sandbox is not in sync with the Podfile.lock. Run 'pod install' or update your CocoaPods installation.\" >&2\n    exit 1\nfi\n";
			showEnvVarsInLog = 0;
		};
		2D494C5C00B555F96BAD430A /* [CP] Copy Pods Resources */ = {
			isa = PBXShellScriptBuildPhase;
			buildActionMask = 2147483647;
			files = (
			);
			inputPaths = (
			);
			name = "[CP] Copy Pods Resources";
			outputPaths = (
			);
			runOnlyForDeploymentPostprocessing = 0;
			shellPath = /bin/sh;
			shellScript = "\"${SRCROOT}/Pods/Target Support Files/Pods-TimeTrack/Pods-TimeTrack-resources.sh\"\n";
			showEnvVarsInLog = 0;
		};
		4A6194ECEB5458D64B4C04C5 /* [CP] Embed Pods Frameworks */ = {
			isa = PBXShellScriptBuildPhase;
			buildActionMask = 2147483647;
			files = (
			);
			inputPaths = (
			);
			name = "[CP] Embed Pods Frameworks";
			outputPaths = (
			);
			runOnlyForDeploymentPostprocessing = 0;
			shellPath = /bin/sh;
			shellScript = "\"${SRCROOT}/Pods/Target Support Files/Pods-TimeTrack/Pods-TimeTrack-frameworks.sh\"\n";
			showEnvVarsInLog = 0;
		};
/* End PBXShellScriptBuildPhase section */

/* Begin PBXSourcesBuildPhase section */
		FF37C5FF1F2525C90018940B /* Sources */ = {
			isa = PBXSourcesBuildPhase;
			buildActionMask = 2147483647;
			files = (
				FF115B2F1F2CF323008A1EB5 /* MainViewController.swift in Sources */,
				FF115B361F2CF3C8008A1EB5 /* AuthService.swift in Sources */,
				FFD5BD451F2BB41700C3BEE7 /* PersonalGroupViewController.swift in Sources */,
				FF115B3B1F2CF3F9008A1EB5 /* ViewController+Utility.swift in Sources */,
				FF115B3A1F2CF3F9008A1EB5 /* Storyboard+Utility.swift in Sources */,
				FFD5BD411F2B868E00C3BEE7 /* TimeViewController.swift in Sources */,
				FFDABC811F2A5AE200C64D39 /* SearchViewController.swift in Sources */,
				FFB799961F29056E001B7C61 /* TableViewCell.swift in Sources */,
				FFAFCD1D1F279CBC009D2692 /* AddGroupsViewController.swift in Sources */,
				FFAFCD191F278DDC009D2692 /* ProfileViewController.swift in Sources */,
				FFAFCCF41F267164009D2692 /* User.swift in Sources */,
				FFAFCD201F27BA0F009D2692 /* CreateViewControllers.swift in Sources */,
				FF115B301F2CF323008A1EB5 /* LoginViewController.swift in Sources */,
				FFDABC831F2A5B6600C64D39 /* SearchViewViewController.swift in Sources */,
				FFB799931F2904A8001B7C61 /* TableViewController.swift in Sources */,
				FFAFCCCC1F262F5E009D2692 /* ViewController.swift in Sources */,
				FFAFCD001F267B79009D2692 /* Constants.swift in Sources */,
				FF115B311F2CF323008A1EB5 /* CreateUserViewController.swift in Sources */,
				FFDABC861F2A7C9B00C64D39 /* SearchTableViewController.swift in Sources */,
				FF115B2E1F2CF323008A1EB5 /* ForgotPasswordViewController.swift in Sources */,
				FF115B371F2CF3C8008A1EB5 /* UserService.swift in Sources */,
				FF37C6071F2525CA0018940B /* AppDelegate.swift in Sources */,
				FFDABC8C1F2B47B700C64D39 /* GroupLocationViewController.swift in Sources */,
				FFD5BD431F2B96C600C3BEE7 /* DetailsViewController.swift in Sources */,
			);
			runOnlyForDeploymentPostprocessing = 0;
		};
/* End PBXSourcesBuildPhase section */

/* Begin XCBuildConfiguration section */
		FF37C6131F2525CA0018940B /* Debug */ = {
			isa = XCBuildConfiguration;
			buildSettings = {
				ALWAYS_SEARCH_USER_PATHS = NO;
				CLANG_ANALYZER_NONNULL = YES;
				CLANG_ANALYZER_NUMBER_OBJECT_CONVERSION = YES_AGGRESSIVE;
				CLANG_CXX_LANGUAGE_STANDARD = "gnu++0x";
				CLANG_CXX_LIBRARY = "libc++";
				CLANG_ENABLE_MODULES = YES;
				CLANG_ENABLE_OBJC_ARC = YES;
				CLANG_WARN_BOOL_CONVERSION = YES;
				CLANG_WARN_CONSTANT_CONVERSION = YES;
				CLANG_WARN_DIRECT_OBJC_ISA_USAGE = YES_ERROR;
				CLANG_WARN_DOCUMENTATION_COMMENTS = YES;
				CLANG_WARN_EMPTY_BODY = YES;
				CLANG_WARN_ENUM_CONVERSION = YES;
				CLANG_WARN_INFINITE_RECURSION = YES;
				CLANG_WARN_INT_CONVERSION = YES;
				CLANG_WARN_OBJC_ROOT_CLASS = YES_ERROR;
				CLANG_WARN_SUSPICIOUS_MOVE = YES;
				CLANG_WARN_UNREACHABLE_CODE = YES;
				CLANG_WARN__DUPLICATE_METHOD_MATCH = YES;
				"CODE_SIGN_IDENTITY[sdk=iphoneos*]" = "iPhone Developer";
				COPY_PHASE_STRIP = NO;
				DEBUG_INFORMATION_FORMAT = dwarf;
				ENABLE_STRICT_OBJC_MSGSEND = YES;
				ENABLE_TESTABILITY = YES;
				GCC_C_LANGUAGE_STANDARD = gnu99;
				GCC_DYNAMIC_NO_PIC = NO;
				GCC_NO_COMMON_BLOCKS = YES;
				GCC_OPTIMIZATION_LEVEL = 0;
				GCC_PREPROCESSOR_DEFINITIONS = (
					"DEBUG=1",
					"$(inherited)",
				);
				GCC_WARN_64_TO_32_BIT_CONVERSION = YES;
				GCC_WARN_ABOUT_RETURN_TYPE = YES_ERROR;
				GCC_WARN_UNDECLARED_SELECTOR = YES;
				GCC_WARN_UNINITIALIZED_AUTOS = YES_AGGRESSIVE;
				GCC_WARN_UNUSED_FUNCTION = YES;
				GCC_WARN_UNUSED_VARIABLE = YES;
				IPHONEOS_DEPLOYMENT_TARGET = 10.3;
				MTL_ENABLE_DEBUG_INFO = YES;
				ONLY_ACTIVE_ARCH = YES;
				SDKROOT = iphoneos;
				SWIFT_ACTIVE_COMPILATION_CONDITIONS = DEBUG;
				SWIFT_OPTIMIZATION_LEVEL = "-Onone";
			};
			name = Debug;
		};
		FF37C6141F2525CA0018940B /* Release */ = {
			isa = XCBuildConfiguration;
			buildSettings = {
				ALWAYS_SEARCH_USER_PATHS = NO;
				CLANG_ANALYZER_NONNULL = YES;
				CLANG_ANALYZER_NUMBER_OBJECT_CONVERSION = YES_AGGRESSIVE;
				CLANG_CXX_LANGUAGE_STANDARD = "gnu++0x";
				CLANG_CXX_LIBRARY = "libc++";
				CLANG_ENABLE_MODULES = YES;
				CLANG_ENABLE_OBJC_ARC = YES;
				CLANG_WARN_BOOL_CONVERSION = YES;
				CLANG_WARN_CONSTANT_CONVERSION = YES;
				CLANG_WARN_DIRECT_OBJC_ISA_USAGE = YES_ERROR;
				CLANG_WARN_DOCUMENTATION_COMMENTS = YES;
				CLANG_WARN_EMPTY_BODY = YES;
				CLANG_WARN_ENUM_CONVERSION = YES;
				CLANG_WARN_INFINITE_RECURSION = YES;
				CLANG_WARN_INT_CONVERSION = YES;
				CLANG_WARN_OBJC_ROOT_CLASS = YES_ERROR;
				CLANG_WARN_SUSPICIOUS_MOVE = YES;
				CLANG_WARN_UNREACHABLE_CODE = YES;
				CLANG_WARN__DUPLICATE_METHOD_MATCH = YES;
				"CODE_SIGN_IDENTITY[sdk=iphoneos*]" = "iPhone Developer";
				COPY_PHASE_STRIP = NO;
				DEBUG_INFORMATION_FORMAT = "dwarf-with-dsym";
				ENABLE_NS_ASSERTIONS = NO;
				ENABLE_STRICT_OBJC_MSGSEND = YES;
				GCC_C_LANGUAGE_STANDARD = gnu99;
				GCC_NO_COMMON_BLOCKS = YES;
				GCC_WARN_64_TO_32_BIT_CONVERSION = YES;
				GCC_WARN_ABOUT_RETURN_TYPE = YES_ERROR;
				GCC_WARN_UNDECLARED_SELECTOR = YES;
				GCC_WARN_UNINITIALIZED_AUTOS = YES_AGGRESSIVE;
				GCC_WARN_UNUSED_FUNCTION = YES;
				GCC_WARN_UNUSED_VARIABLE = YES;
				IPHONEOS_DEPLOYMENT_TARGET = 10.3;
				MTL_ENABLE_DEBUG_INFO = NO;
				SDKROOT = iphoneos;
				SWIFT_OPTIMIZATION_LEVEL = "-Owholemodule";
				VALIDATE_PRODUCT = YES;
			};
			name = Release;
		};
		FF37C6161F2525CA0018940B /* Debug */ = {
			isa = XCBuildConfiguration;
			baseConfigurationReference = 6801CD89ACDD442B4F6F39C8 /* Pods-TimeTrack.debug.xcconfig */;
			buildSettings = {
				ASSETCATALOG_COMPILER_APPICON_NAME = AppIcon;
				DEVELOPMENT_TEAM = URE62YMM2S;
				INFOPLIST_FILE = "$(SRCROOT)/TimeTrack/Supporting/Info.plist";
				LD_RUNPATH_SEARCH_PATHS = "$(inherited) @executable_path/Frameworks";
				PRODUCT_BUNDLE_IDENTIFIER = com.JSuzuki.TimeTrack;
				PRODUCT_NAME = "$(TARGET_NAME)";
				SWIFT_VERSION = 3.0;
			};
			name = Debug;
		};
		FF37C6171F2525CA0018940B /* Release */ = {
			isa = XCBuildConfiguration;
			baseConfigurationReference = D98F24E38427006E6B42796C /* Pods-TimeTrack.release.xcconfig */;
			buildSettings = {
				ASSETCATALOG_COMPILER_APPICON_NAME = AppIcon;
				DEVELOPMENT_TEAM = URE62YMM2S;
				INFOPLIST_FILE = "$(SRCROOT)/TimeTrack/Supporting/Info.plist";
				LD_RUNPATH_SEARCH_PATHS = "$(inherited) @executable_path/Frameworks";
				PRODUCT_BUNDLE_IDENTIFIER = com.JSuzuki.TimeTrack;
				PRODUCT_NAME = "$(TARGET_NAME)";
				SWIFT_VERSION = 3.0;
			};
			name = Release;
		};
/* End XCBuildConfiguration section */

/* Begin XCConfigurationList section */
		FF37C5FE1F2525C90018940B /* Build configuration list for PBXProject "TimeTrack" */ = {
			isa = XCConfigurationList;
			buildConfigurations = (
				FF37C6131F2525CA0018940B /* Debug */,
				FF37C6141F2525CA0018940B /* Release */,
			);
			defaultConfigurationIsVisible = 0;
			defaultConfigurationName = Release;
		};
		FF37C6151F2525CA0018940B /* Build configuration list for PBXNativeTarget "TimeTrack" */ = {
			isa = XCConfigurationList;
			buildConfigurations = (
				FF37C6161F2525CA0018940B /* Debug */,
				FF37C6171F2525CA0018940B /* Release */,
			);
			defaultConfigurationIsVisible = 0;
			defaultConfigurationName = Release;
		};
/* End XCConfigurationList section */
	};
	rootObject = FF37C5FB1F2525C90018940B /* Project object */;
}
